<?xml version="1.0" encoding="utf-8"?>
<Project ToolsVersion="16.0" xmlns="http://schemas.microsoft.com/developer/msbuild/2003">
  <ItemGroup>
    <ClCompile Include="D:\openDTect\ODWork\plugins\Referenceless\RefAttrib\refpi.cc">
      <Filter>Source Files</Filter>
    </ClCompile>
  </ItemGroup>
  <ItemGroup>
    <ClInclude Include="D:\openDTect\ODWork\plugins\RefAttrib\refattribdeps.h">
      <Filter>Header Files</Filter>
    </ClInclude>
    <ClInclude Include="D:\openDTect\ODWork\plugins\RefAttrib\refattribmod.h">
      <Filter>Header Files</Filter>
    </ClInclude>
  </ItemGroup>
  <ItemGroup>
    <CustomBuild Include="D:\openDTect\ODWork\plugins\Referenceless\RefAttrib\CMakeLists.txt" />
  </ItemGroup>
  <ItemGroup>
    <Filter Include="Header Files">
      <UniqueIdentifier>{60E3E7F8-BE8D-36DE-A58D-6F185DB68B29}</UniqueIdentifier>
    </Filter>
    <Filter Include="Source Files">
      <UniqueIdentifier>{882399CF-038F-3D42-9F2F-2C49687B563C}</UniqueIdentifier>
    </Filter>
  </ItemGroup>
</Project>
