<?xml version="1.0" encoding="utf-8"?>
<Project ToolsVersion="16.0" xmlns="http://schemas.microsoft.com/developer/msbuild/2003">
  <ItemGroup>
    <CustomBuild Include="C:\Users\yspeh\ODWork\CMakeFiles\2191d5eaceac60e4e6fd92d485bbb602\INSTALL_force.rule">
      <Filter>CMake Rules</Filter>
    </CustomBuild>
  </ItemGroup>
  <ItemGroup>
    <Filter Include="CMake Rules">
      <UniqueIdentifier>{43B5E8FC-CA6C-3253-B3E1-C1B19F133144}</UniqueIdentifier>
    </Filter>
  </ItemGroup>
</Project>
