<?xml version="1.0" encoding="utf-8"?>
<Project ToolsVersion="16.0" xmlns="http://schemas.microsoft.com/developer/msbuild/2003">
  <ItemGroup>
    <ClCompile Include="C:\Users\yspeh\ODWork\plugins\uiRefAttrib\uiRefAttribPI.cc">
      <Filter>Source Files</Filter>
    </ClCompile>
    <ClCompile Include="C:\Users\yspeh\ODWork\plugins\uiRefAttrib\uirefattrib.cc">
      <Filter>Source Files</Filter>
    </ClCompile>
  </ItemGroup>
  <ItemGroup>
    <ClInclude Include="C:\Users\yspeh\ODWork\plugins\uiRefAttrib\uirefattrib.h">
      <Filter>Header Files</Filter>
    </ClInclude>
    <ClInclude Include="C:\Users\yspeh\ODWork\plugins\uiRefAttrib\uirefattribdeps.h">
      <Filter>Header Files</Filter>
    </ClInclude>
    <ClInclude Include="C:\Users\yspeh\ODWork\plugins\uiRefAttrib\uirefattribmod.h">
      <Filter>Header Files</Filter>
    </ClInclude>
  </ItemGroup>
  <ItemGroup>
    <CustomBuild Include="C:\Users\yspeh\ODWork\plugins\uiRefAttrib\CMakeLists.txt" />
  </ItemGroup>
  <ItemGroup>
    <Filter Include="Header Files">
      <UniqueIdentifier>{EAAF7A96-C3E9-3802-BDE4-FA63092D82D8}</UniqueIdentifier>
    </Filter>
    <Filter Include="Source Files">
      <UniqueIdentifier>{0D43BC8D-A3D0-3313-A40F-E9B2F5D62911}</UniqueIdentifier>
    </Filter>
  </ItemGroup>
</Project>
